
Microsoft Visual Studio Solution File, Format Version 12.00
# Visual Studio Version 17
VisualStudioVersion = 17.14.36310.24
MinimumVisualStudioVersion = 10.0.40219.1
Project("{2150E333-8FDC-42A3-9474-1A3956D46DE8}") = "APIServices", "APIServices", "{02EA681E-C7D8-13C7-8484-4AC65E1B71E8}"
EndProject
Project("{2150E333-8FDC-42A3-9474-1A3956D46DE8}") = "Frontend", "Frontend", "{1CF12C28-60D6-43A1-8B88-AEA820870666}"
EndProject
Project("{2150E333-8FDC-42A3-9474-1A3956D46DE8}") = "Gateway", "Gateway", "{01AEEF7D-6B0A-4F32-B453-4CE7EFB78A0D}"
EndProject
Project("{2150E333-8FDC-42A3-9474-1A3956D46DE8}") = "MessageBus", "MessageBus", "{94610D69-E4A9-42F4-907F-F55BA720CAC9}"
EndProject
Project("{FAE04EC0-301F-11D3-BF4B-00C04F79EFBC}") = "CouponAPI", "CouponAPI\CouponAPI.csproj", "{60DFF994-62A1-4921-97F1-492AFD515E95}"
EndProject
Project("{FAE04EC0-301F-11D3-BF4B-00C04F79EFBC}") = "WebApp", "WebApp\WebApp.csproj", "{4E486067-45AD-44D0-AC83-AD2D7E429092}"
EndProject
Project("{FAE04EC0-301F-11D3-BF4B-00C04F79EFBC}") = "AuthAPI", "AuthAPI\AuthAPI.csproj", "{CC3C3F62-DD44-8AAA-D9A5-136649C4F0EB}"
EndProject
Project("{FAE04EC0-301F-11D3-BF4B-00C04F79EFBC}") = "ProductAPI", "ProductAPI\ProductAPI.csproj", "{0AC2381C-09E4-4358-A5FD-04A31B5E3C48}"
EndProject
Global
	GlobalSection(SolutionConfigurationPlatforms) = preSolution
		Debug|Any CPU = Debug|Any CPU
		Release|Any CPU = Release|Any CPU
	EndGlobalSection
	GlobalSection(ProjectConfigurationPlatforms) = postSolution
		{60DFF994-62A1-4921-97F1-492AFD515E95}.Debug|Any CPU.ActiveCfg = Debug|Any CPU
		{60DFF994-62A1-4921-97F1-492AFD515E95}.Debug|Any CPU.Build.0 = Debug|Any CPU
		{60DFF994-62A1-4921-97F1-492AFD515E95}.Release|Any CPU.ActiveCfg = Release|Any CPU
		{60DFF994-62A1-4921-97F1-492AFD515E95}.Release|Any CPU.Build.0 = Release|Any CPU
		{4E486067-45AD-44D0-AC83-AD2D7E429092}.Debug|Any CPU.ActiveCfg = Debug|Any CPU
		{4E486067-45AD-44D0-AC83-AD2D7E429092}.Debug|Any CPU.Build.0 = Debug|Any CPU
		{4E486067-45AD-44D0-AC83-AD2D7E429092}.Release|Any CPU.ActiveCfg = Release|Any CPU
		{4E486067-45AD-44D0-AC83-AD2D7E429092}.Release|Any CPU.Build.0 = Release|Any CPU
		{CC3C3F62-DD44-8AAA-D9A5-136649C4F0EB}.Debug|Any CPU.ActiveCfg = Debug|Any CPU
		{CC3C3F62-DD44-8AAA-D9A5-136649C4F0EB}.Debug|Any CPU.Build.0 = Debug|Any CPU
		{CC3C3F62-DD44-8AAA-D9A5-136649C4F0EB}.Release|Any CPU.ActiveCfg = Release|Any CPU
		{CC3C3F62-DD44-8AAA-D9A5-136649C4F0EB}.Release|Any CPU.Build.0 = Release|Any CPU
		{0AC2381C-09E4-4358-A5FD-04A31B5E3C48}.Debug|Any CPU.ActiveCfg = Debug|Any CPU
		{0AC2381C-09E4-4358-A5FD-04A31B5E3C48}.Debug|Any CPU.Build.0 = Debug|Any CPU
		{0AC2381C-09E4-4358-A5FD-04A31B5E3C48}.Release|Any CPU.ActiveCfg = Release|Any CPU
		{0AC2381C-09E4-4358-A5FD-04A31B5E3C48}.Release|Any CPU.Build.0 = Release|Any CPU
	EndGlobalSection
	GlobalSection(SolutionProperties) = preSolution
		HideSolutionNode = FALSE
	EndGlobalSection
	GlobalSection(NestedProjects) = preSolution
		{60DFF994-62A1-4921-97F1-492AFD515E95} = {02EA681E-C7D8-13C7-8484-4AC65E1B71E8}
		{4E486067-45AD-44D0-AC83-AD2D7E429092} = {1CF12C28-60D6-43A1-8B88-AEA820870666}
		{CC3C3F62-DD44-8AAA-D9A5-136649C4F0EB} = {02EA681E-C7D8-13C7-8484-4AC65E1B71E8}
		{0AC2381C-09E4-4358-A5FD-04A31B5E3C48} = {02EA681E-C7D8-13C7-8484-4AC65E1B71E8}
	EndGlobalSection
	GlobalSection(ExtensibilityGlobals) = postSolution
		SolutionGuid = {B95ECE21-547E-4C2C-929A-FE2B99D50D47}
	EndGlobalSection
EndGlobal
